// !$*UTF8*$!
{
	archiveVersion = 1;
	classes = {
	};
	objectVersion = 50;
	objects = {

/* Begin PBXBuildFile section */
		0143BE78257D48EE0099260A /* AddViewController.swift in Sources */ = {isa = PBXBuildFile; fileRef = 0143BE77257D48EE0099260A /* AddViewController.swift */; };
		01A357CB257CC51000D10BF3 /* LogViewController.swift in Sources */ = {isa = PBXBuildFile; fileRef = 01A357CA257CC51000D10BF3 /* LogViewController.swift */; };
		01A357CF257CC53100D10BF3 /* HomeViewController.swift in Sources */ = {isa = PBXBuildFile; fileRef = 01A357CE257CC53100D10BF3 /* HomeViewController.swift */; };
		01E55289257CB87800E9E06C /* AppDelegate.swift in Sources */ = {isa = PBXBuildFile; fileRef = 01E55288257CB87800E9E06C /* AppDelegate.swift */; };
		01E5528B257CB87800E9E06C /* SceneDelegate.swift in Sources */ = {isa = PBXBuildFile; fileRef = 01E5528A257CB87800E9E06C /* SceneDelegate.swift */; };
		01E5528D257CB87800E9E06C /* ViewController.swift in Sources */ = {isa = PBXBuildFile; fileRef = 01E5528C257CB87800E9E06C /* ViewController.swift */; };
		01E55290257CB87800E9E06C /* Main.storyboard in Resources */ = {isa = PBXBuildFile; fileRef = 01E5528E257CB87800E9E06C /* Main.storyboard */; };
		01E55293257CB87800E9E06C /* Seeker.xcdatamodeld in Sources */ = {isa = PBXBuildFile; fileRef = 01E55291257CB87800E9E06C /* Seeker.xcdatamodeld */; };
		01E55295257CB87900E9E06C /* Assets.xcassets in Resources */ = {isa = PBXBuildFile; fileRef = 01E55294257CB87900E9E06C /* Assets.xcassets */; };
		01E55298257CB87900E9E06C /* LaunchScreen.storyboard in Resources */ = {isa = PBXBuildFile; fileRef = 01E55296257CB87900E9E06C /* LaunchScreen.storyboard */; };
		01F87D87257D70B10024B10B /* Mask3 1.mlmodel in Sources */ = {isa = PBXBuildFile; fileRef = 01F87D86257D70B10024B10B /* Mask3 1.mlmodel */; };
		01F87D8A257D70CD0024B10B /* no.jpg in Resources */ = {isa = PBXBuildFile; fileRef = 01F87D89257D70CC0024B10B /* no.jpg */; };
		01F87D8D257D70D50024B10B /* mask.jpg in Resources */ = {isa = PBXBuildFile; fileRef = 01F87D8C257D70D50024B10B /* mask.jpg */; };
/* End PBXBuildFile section */

/* Begin PBXFileReference section */
		0143BE77257D48EE0099260A /* AddViewController.swift */ = {isa = PBXFileReference; lastKnownFileType = sourcecode.swift; path = AddViewController.swift; sourceTree = "<group>"; };
		01A357CA257CC51000D10BF3 /* LogViewController.swift */ = {isa = PBXFileReference; lastKnownFileType = sourcecode.swift; path = LogViewController.swift; sourceTree = "<group>"; };
		01A357CE257CC53100D10BF3 /* HomeViewController.swift */ = {isa = PBXFileReference; lastKnownFileType = sourcecode.swift; path = HomeViewController.swift; sourceTree = "<group>"; };
		01E55285257CB87800E9E06C /* Seeker.app */ = {isa = PBXFileReference; explicitFileType = wrapper.application; includeInIndex = 0; path = Seeker.app; sourceTree = BUILT_PRODUCTS_DIR; };
		01E55288257CB87800E9E06C /* AppDelegate.swift */ = {isa = PBXFileReference; lastKnownFileType = sourcecode.swift; path = AppDelegate.swift; sourceTree = "<group>"; };
		01E5528A257CB87800E9E06C /* SceneDelegate.swift */ = {isa = PBXFileReference; lastKnownFileType = sourcecode.swift; path = SceneDelegate.swift; sourceTree = "<group>"; };
		01E5528C257CB87800E9E06C /* ViewController.swift */ = {isa = PBXFileReference; lastKnownFileType = sourcecode.swift; path = ViewController.swift; sourceTree = "<group>"; };
		01E5528F257CB87800E9E06C /* Base */ = {isa = PBXFileReference; lastKnownFileType = file.storyboard; name = Base; path = Base.lproj/Main.storyboard; sourceTree = "<group>"; };
		01E55292257CB87800E9E06C /* Seeker.xcdatamodel */ = {isa = PBXFileReference; lastKnownFileType = wrapper.xcdatamodel; path = Seeker.xcdatamodel; sourceTree = "<group>"; };
		01E55294257CB87900E9E06C /* Assets.xcassets */ = {isa = PBXFileReference; lastKnownFileType = folder.assetcatalog; path = Assets.xcassets; sourceTree = "<group>"; };
		01E55297257CB87900E9E06C /* Base */ = {isa = PBXFileReference; lastKnownFileType = file.storyboard; name = Base; path = Base.lproj/LaunchScreen.storyboard; sourceTree = "<group>"; };
		01E55299257CB87900E9E06C /* Info.plist */ = {isa = PBXFileReference; lastKnownFileType = text.plist.xml; path = Info.plist; sourceTree = "<group>"; };
		01F87D86257D70B10024B10B /* Mask3 1.mlmodel */ = {isa = PBXFileReference; lastKnownFileType = file.mlmodel; path = "Mask3 1.mlmodel"; sourceTree = "<group>"; };
		01F87D89257D70CC0024B10B /* no.jpg */ = {isa = PBXFileReference; lastKnownFileType = image.jpeg; path = no.jpg; sourceTree = "<group>"; };
		01F87D8C257D70D50024B10B /* mask.jpg */ = {isa = PBXFileReference; lastKnownFileType = image.jpeg; path = mask.jpg; sourceTree = "<group>"; };
/* End PBXFileReference section */

/* Begin PBXFrameworksBuildPhase section */
		01E55282257CB87800E9E06C /* Frameworks */ = {
			isa = PBXFrameworksBuildPhase;
			buildActionMask = 2147483647;
			files = (
			);
			runOnlyForDeploymentPostprocessing = 0;
		};
/* End PBXFrameworksBuildPhase section */

/* Begin PBXGroup section */
		01E5527C257CB87800E9E06C = {
			isa = PBXGroup;
			children = (
				01E55287257CB87800E9E06C /* Seeker */,
				01E55286257CB87800E9E06C /* Products */,
			);
			sourceTree = "<group>";
		};
		01E55286257CB87800E9E06C /* Products */ = {
			isa = PBXGroup;
			children = (
				01E55285257CB87800E9E06C /* Seeker.app */,
			);
			name = Products;
			sourceTree = "<group>";
		};
		01E55287257CB87800E9E06C /* Seeker */ = {
			isa = PBXGroup;
			children = (
				01E55288257CB87800E9E06C /* AppDelegate.swift */,
				01E5528A257CB87800E9E06C /* SceneDelegate.swift */,
				01E5528C257CB87800E9E06C /* ViewController.swift */,
				01A357CE257CC53100D10BF3 /* HomeViewController.swift */,
				01A357CA257CC51000D10BF3 /* LogViewController.swift */,
				01F87D86257D70B10024B10B /* Mask3 1.mlmodel */,
				01E5528E257CB87800E9E06C /* Main.storyboard */,
				0143BE77257D48EE0099260A /* AddViewController.swift */,
				01E55294257CB87900E9E06C /* Assets.xcassets */,
				01E55296257CB87900E9E06C /* LaunchScreen.storyboard */,
				01F87D8C257D70D50024B10B /* mask.jpg */,
				01F87D89257D70CC0024B10B /* no.jpg */,
				01E55299257CB87900E9E06C /* Info.plist */,
				01E55291257CB87800E9E06C /* Seeker.xcdatamodeld */,
			);
			path = Seeker;
			sourceTree = "<group>";
		};
/* End PBXGroup section */

/* Begin PBXNativeTarget section */
		01E55284257CB87800E9E06C /* Seeker */ = {
			isa = PBXNativeTarget;
			buildConfigurationList = 01E5529C257CB87900E9E06C /* Build configuration list for PBXNativeTarget "Seeker" */;
			buildPhases = (
				01E55281257CB87800E9E06C /* Sources */,
				01E55282257CB87800E9E06C /* Frameworks */,
				01E55283257CB87800E9E06C /* Resources */,
			);
			buildRules = (
			);
			dependencies = (
			);
			name = Seeker;
			productName = Seeker;
			productReference = 01E55285257CB87800E9E06C /* Seeker.app */;
			productType = "com.apple.product-type.application";
		};
/* End PBXNativeTarget section */

/* Begin PBXProject section */
		01E5527D257CB87800E9E06C /* Project object */ = {
			isa = PBXProject;
			attributes = {
				LastSwiftUpdateCheck = 1220;
				LastUpgradeCheck = 1220;
				TargetAttributes = {
					01E55284257CB87800E9E06C = {
						CreatedOnToolsVersion = 12.2;
					};
				};
			};
			buildConfigurationList = 01E55280257CB87800E9E06C /* Build configuration list for PBXProject "Seeker" */;
			compatibilityVersion = "Xcode 9.3";
			developmentRegion = en;
			hasScannedForEncodings = 0;
			knownRegions = (
				en,
				Base,
			);
			mainGroup = 01E5527C257CB87800E9E06C;
			productRefGroup = 01E55286257CB87800E9E06C /* Products */;
			projectDirPath = "";
			projectRoot = "";
			targets = (
				01E55284257CB87800E9E06C /* Seeker */,
			);
		};
/* End PBXProject section */

/* Begin PBXResourcesBuildPhase section */
		01E55283257CB87800E9E06C /* Resources */ = {
			isa = PBXResourcesBuildPhase;
			buildActionMask = 2147483647;
			files = (
				01E55298257CB87900E9E06C /* LaunchScreen.storyboard in Resources */,
				01F87D8D257D70D50024B10B /* mask.jpg in Resources */,
				01E55295257CB87900E9E06C /* Assets.xcassets in Resources */,
				01F87D8A257D70CD0024B10B /* no.jpg in Resources */,
				01E55290257CB87800E9E06C /* Main.storyboard in Resources */,
			);
			runOnlyForDeploymentPostprocessing = 0;
		};
/* End PBXResourcesBuildPhase section */

/* Begin PBXSourcesBuildPhase section */
		01E55281257CB87800E9E06C /* Sources */ = {
			isa = PBXSourcesBuildPhase;
			buildActionMask = 2147483647;
			files = (
				01E5528D257CB87800E9E06C /* ViewController.swift in Sources */,
				01E55289257CB87800E9E06C /* AppDelegate.swift in Sources */,
				0143BE78257D48EE0099260A /* AddViewController.swift in Sources */,
				01A357CB257CC51000D10BF3 /* LogViewController.swift in Sources */,
				01E55293257CB87800E9E06C /* Seeker.xcdatamodeld in Sources */,
				01E5528B257CB87800E9E06C /* SceneDelegate.swift in Sources */,
				01A357CF257CC53100D10BF3 /* HomeViewController.swift in Sources */,
				01F87D87257D70B10024B10B /* Mask3 1.mlmodel in Sources */,
			);
			runOnlyForDeploymentPostprocessing = 0;
		};
/* End PBXSourcesBuildPhase section */

/* Begin PBXVariantGroup section */
		01E5528E257CB87800E9E06C /* Main.storyboard */ = {
			isa = PBXVariantGroup;
			children = (
				01E5528F257CB87800E9E06C /* Base */,
			);
			name = Main.storyboard;
			sourceTree = "<group>";
		};
		01E55296257CB87900E9E06C /* LaunchScreen.storyboard */ = {
			isa = PBXVariantGroup;
			children = (
				01E55297257CB87900E9E06C /* Base */,
			);
			name = LaunchScreen.storyboard;
			sourceTree = "<group>";
		};
/* End PBXVariantGroup section */

/* Begin XCBuildConfiguration section */
		01E5529A257CB87900E9E06C /* Debug */ = {
			isa = XCBuildConfiguration;
			buildSettings = {
				ALWAYS_SEARCH_USER_PATHS = NO;
				CLANG_ANALYZER_NONNULL = YES;
				CLANG_ANALYZER_NUMBER_OBJECT_CONVERSION = YES_AGGRESSIVE;
				CLANG_CXX_LANGUAGE_STANDARD = "gnu++14";
				CLANG_CXX_LIBRARY = "libc++";
				CLANG_ENABLE_MODULES = YES;
				CLANG_ENABLE_OBJC_ARC = YES;
				CLANG_ENABLE_OBJC_WEAK = YES;
				CLANG_WARN_BLOCK_CAPTURE_AUTORELEASING = YES;
				CLANG_WARN_BOOL_CONVERSION = YES;
				CLANG_WARN_COMMA = YES;
				CLANG_WARN_CONSTANT_CONVERSION = YES;
				CLANG_WARN_DEPRECATED_OBJC_IMPLEMENTATIONS = YES;
				CLANG_WARN_DIRECT_OBJC_ISA_USAGE = YES_ERROR;
				CLANG_WARN_DOCUMENTATION_COMMENTS = YES;
				CLANG_WARN_EMPTY_BODY = YES;
				CLANG_WARN_ENUM_CONVERSION = YES;
				CLANG_WARN_INFINITE_RECURSION = YES;
				CLANG_WARN_INT_CONVERSION = YES;
				CLANG_WARN_NON_LITERAL_NULL_CONVERSION = YES;
				CLANG_WARN_OBJC_IMPLICIT_RETAIN_SELF = YES;
				CLANG_WARN_OBJC_LITERAL_CONVERSION = YES;
				CLANG_WARN_OBJC_ROOT_CLASS = YES_ERROR;
				CLANG_WARN_QUOTED_INCLUDE_IN_FRAMEWORK_HEADER = YES;
				CLANG_WARN_RANGE_LOOP_ANALYSIS = YES;
				CLANG_WARN_STRICT_PROTOTYPES = YES;
				CLANG_WARN_SUSPICIOUS_MOVE = YES;
				CLANG_WARN_UNGUARDED_AVAILABILITY = YES_AGGRESSIVE;
				CLANG_WARN_UNREACHABLE_CODE = YES;
				CLANG_WARN__DUPLICATE_METHOD_MATCH = YES;
				COPY_PHASE_STRIP = NO;
				DEBUG_INFORMATION_FORMAT = dwarf;
				ENABLE_STRICT_OBJC_MSGSEND = YES;
				ENABLE_TESTABILITY = YES;
				GCC_C_LANGUAGE_STANDARD = gnu11;
				GCC_DYNAMIC_NO_PIC = NO;
				GCC_NO_COMMON_BLOCKS = YES;
				GCC_OPTIMIZATION_LEVEL = 0;
				GCC_PREPROCESSOR_DEFINITIONS = (
					"DEBUG=1",
					"$(inherited)",
				);
				GCC_WARN_64_TO_32_BIT_CONVERSION = YES;
				GCC_WARN_ABOUT_RETURN_TYPE = YES_ERROR;
				GCC_WARN_UNDECLARED_SELECTOR = YES;
				GCC_WARN_UNINITIALIZED_AUTOS = YES_AGGRESSIVE;
				GCC_WARN_UNUSED_FUNCTION = YES;
				GCC_WARN_UNUSED_VARIABLE = YES;
				IPHONEOS_DEPLOYMENT_TARGET = 14.2;
				MTL_ENABLE_DEBUG_INFO = INCLUDE_SOURCE;
				MTL_FAST_MATH = YES;
				ONLY_ACTIVE_ARCH = YES;
				SDKROOT = iphoneos;
				SWIFT_ACTIVE_COMPILATION_CONDITIONS = DEBUG;
				SWIFT_OPTIMIZATION_LEVEL = "-Onone";
			};
			name = Debug;
		};
		01E5529B257CB87900E9E06C /* Release */ = {
			isa = XCBuildConfiguration;
			buildSettings = {
				ALWAYS_SEARCH_USER_PATHS = NO;
				CLANG_ANALYZER_NONNULL = YES;
				CLANG_ANALYZER_NUMBER_OBJECT_CONVERSION = YES_AGGRESSIVE;
				CLANG_CXX_LANGUAGE_STANDARD = "gnu++14";
				CLANG_CXX_LIBRARY = "libc++";
				CLANG_ENABLE_MODULES = YES;
				CLANG_ENABLE_OBJC_ARC = YES;
				CLANG_ENABLE_OBJC_WEAK = YES;
				CLANG_WARN_BLOCK_CAPTURE_AUTORELEASING = YES;
				CLANG_WARN_BOOL_CONVERSION = YES;
				CLANG_WARN_COMMA = YES;
				CLANG_WARN_CONSTANT_CONVERSION = YES;
				CLANG_WARN_DEPRECATED_OBJC_IMPLEMENTATIONS = YES;
				CLANG_WARN_DIRECT_OBJC_ISA_USAGE = YES_ERROR;
				CLANG_WARN_DOCUMENTATION_COMMENTS = YES;
				CLANG_WARN_EMPTY_BODY = YES;
				CLANG_WARN_ENUM_CONVERSION = YES;
				CLANG_WARN_INFINITE_RECURSION = YES;
				CLANG_WARN_INT_CONVERSION = YES;
				CLANG_WARN_NON_LITERAL_NULL_CONVERSION = YES;
				CLANG_WARN_OBJC_IMPLICIT_RETAIN_SELF = YES;
				CLANG_WARN_OBJC_LITERAL_CONVERSION = YES;
				CLANG_WARN_OBJC_ROOT_CLASS = YES_ERROR;
				CLANG_WARN_QUOTED_INCLUDE_IN_FRAMEWORK_HEADER = YES;
				CLANG_WARN_RANGE_LOOP_ANALYSIS = YES;
				CLANG_WARN_STRICT_PROTOTYPES = YES;
				CLANG_WARN_SUSPICIOUS_MOVE = YES;
				CLANG_WARN_UNGUARDED_AVAILABILITY = YES_AGGRESSIVE;
				CLANG_WARN_UNREACHABLE_CODE = YES;
				CLANG_WARN__DUPLICATE_METHOD_MATCH = YES;
				COPY_PHASE_STRIP = NO;
				DEBUG_INFORMATION_FORMAT = "dwarf-with-dsym";
				ENABLE_NS_ASSERTIONS = NO;
				ENABLE_STRICT_OBJC_MSGSEND = YES;
				GCC_C_LANGUAGE_STANDARD = gnu11;
				GCC_NO_COMMON_BLOCKS = YES;
				GCC_WARN_64_TO_32_BIT_CONVERSION = YES;
				GCC_WARN_ABOUT_RETURN_TYPE = YES_ERROR;
				GCC_WARN_UNDECLARED_SELECTOR = YES;
				GCC_WARN_UNINITIALIZED_AUTOS = YES_AGGRESSIVE;
				GCC_WARN_UNUSED_FUNCTION = YES;
				GCC_WARN_UNUSED_VARIABLE = YES;
				IPHONEOS_DEPLOYMENT_TARGET = 14.2;
				MTL_ENABLE_DEBUG_INFO = NO;
				MTL_FAST_MATH = YES;
				SDKROOT = iphoneos;
				SWIFT_COMPILATION_MODE = wholemodule;
				SWIFT_OPTIMIZATION_LEVEL = "-O";
				VALIDATE_PRODUCT = YES;
			};
			name = Release;
		};
		01E5529D257CB87900E9E06C /* Debug */ = {
			isa = XCBuildConfiguration;
			buildSettings = {
				ASSETCATALOG_COMPILER_APPICON_NAME = AppIcon;
				ASSETCATALOG_COMPILER_GLOBAL_ACCENT_COLOR_NAME = AccentColor;
				CODE_SIGN_STYLE = Automatic;
				INFOPLIST_FILE = Seeker/Info.plist;
				LD_RUNPATH_SEARCH_PATHS = (
					"$(inherited)",
					"@executable_path/Frameworks",
				);
				PRODUCT_BUNDLE_IDENTIFIER = edu.appstate.lewisaj1.Seeker;
				PRODUCT_NAME = "$(TARGET_NAME)";
				SWIFT_VERSION = 5.0;
				TARGETED_DEVICE_FAMILY = "1,2";
			};
			name = Debug;
		};
		01E5529E257CB87900E9E06C /* Release */ = {
			isa = XCBuildConfiguration;
			buildSettings = {
				ASSETCATALOG_COMPILER_APPICON_NAME = AppIcon;
				ASSETCATALOG_COMPILER_GLOBAL_ACCENT_COLOR_NAME = AccentColor;
				CODE_SIGN_STYLE = Automatic;
				INFOPLIST_FILE = Seeker/Info.plist;
				LD_RUNPATH_SEARCH_PATHS = (
					"$(inherited)",
					"@executable_path/Frameworks",
				);
				PRODUCT_BUNDLE_IDENTIFIER = edu.appstate.lewisaj1.Seeker;
				PRODUCT_NAME = "$(TARGET_NAME)";
				SWIFT_VERSION = 5.0;
				TARGETED_DEVICE_FAMILY = "1,2";
			};
			name = Release;
		};
/* End XCBuildConfiguration section */

/* Begin XCConfigurationList section */
		01E55280257CB87800E9E06C /* Build configuration list for PBXProject "Seeker" */ = {
			isa = XCConfigurationList;
			buildConfigurations = (
				01E5529A257CB87900E9E06C /* Debug */,
				01E5529B257CB87900E9E06C /* Release */,
			);
			defaultConfigurationIsVisible = 0;
			defaultConfigurationName = Release;
		};
		01E5529C257CB87900E9E06C /* Build configuration list for PBXNativeTarget "Seeker" */ = {
			isa = XCConfigurationList;
			buildConfigurations = (
				01E5529D257CB87900E9E06C /* Debug */,
				01E5529E257CB87900E9E06C /* Release */,
			);
			defaultConfigurationIsVisible = 0;
			defaultConfigurationName = Release;
		};
/* End XCConfigurationList section */

/* Begin XCVersionGroup section */
		01E55291257CB87800E9E06C /* Seeker.xcdatamodeld */ = {
			isa = XCVersionGroup;
			children = (
				01E55292257CB87800E9E06C /* Seeker.xcdatamodel */,
			);
			currentVersion = 01E55292257CB87800E9E06C /* Seeker.xcdatamodel */;
			path = Seeker.xcdatamodeld;
			sourceTree = "<group>";
			versionGroupType = wrapper.xcdatamodel;
		};
/* End XCVersionGroup section */
	};
	rootObject = 01E5527D257CB87800E9E06C /* Project object */;
}
